// !$*UTF8*$!
{
	archiveVersion = 1;
	classes = {
	};
	objectVersion = 46;
	objects = {

/* Begin PBXBuildFile section */
		F164791C148E9FE600C1B49A /* Cocoa.framework in Frameworks */ = {isa = PBXBuildFile; fileRef = F164791B148E9FE600C1B49A /* Cocoa.framework */; };
		F1647943148EA00800C1B49A /* main.m in Sources */ = {isa = PBXBuildFile; fileRef = F164793D148EA00800C1B49A /* main.m */; };
		F1647944148EA00800C1B49A /* SFAppDelegate.m in Sources */ = {isa = PBXBuildFile; fileRef = F164793F148EA00800C1B49A /* SFAppDelegate.m */; };
		F1647945148EA00800C1B49A /* SFDropImageView.m in Sources */ = {isa = PBXBuildFile; fileRef = F1647941148EA00800C1B49A /* SFDropImageView.m */; };
		F164794F148EA02A00C1B49A /* InfoPlist.strings in Resources */ = {isa = PBXBuildFile; fileRef = F1647948148EA02A00C1B49A /* InfoPlist.strings */; };
		F1647950148EA02A00C1B49A /* Localizable.strings in Resources */ = {isa = PBXBuildFile; fileRef = F164794A148EA02A00C1B49A /* Localizable.strings */; };
		F1647951148EA02A00C1B49A /* MainMenu.xib in Resources */ = {isa = PBXBuildFile; fileRef = F164794C148EA02A00C1B49A /* MainMenu.xib */; };
		F1D22923148EBC83000F20E9 /* UNITINU.icns in Resources */ = {isa = PBXBuildFile; fileRef = F1D22922148EBC83000F20E9 /* UNITINU.icns */; };
/* End PBXBuildFile section */

/* Begin PBXFileReference section */
		F1647917148E9FE600C1B49A /* UNITINU.app */ = {isa = PBXFileReference; explicitFileType = wrapper.application; includeInIndex = 0; path = UNITINU.app; sourceTree = BUILT_PRODUCTS_DIR; };
		F164791B148E9FE600C1B49A /* Cocoa.framework */ = {isa = PBXFileReference; lastKnownFileType = wrapper.framework; name = Cocoa.framework; path = System/Library/Frameworks/Cocoa.framework; sourceTree = SDKROOT; };
		F164793D148EA00800C1B49A /* main.m */ = {isa = PBXFileReference; fileEncoding = 4; lastKnownFileType = sourcecode.c.objc; name = main.m; path = Source/main.m; sourceTree = SOURCE_ROOT; };
		F164793E148EA00800C1B49A /* SFAppDelegate.h */ = {isa = PBXFileReference; fileEncoding = 4; lastKnownFileType = sourcecode.c.h; name = SFAppDelegate.h; path = Source/SFAppDelegate.h; sourceTree = SOURCE_ROOT; };
		F164793F148EA00800C1B49A /* SFAppDelegate.m */ = {isa = PBXFileReference; fileEncoding = 4; lastKnownFileType = sourcecode.c.objc; name = SFAppDelegate.m; path = Source/SFAppDelegate.m; sourceTree = SOURCE_ROOT; };
		F1647940148EA00800C1B49A /* SFDropImageView.h */ = {isa = PBXFileReference; fileEncoding = 4; lastKnownFileType = sourcecode.c.h; name = SFDropImageView.h; path = Source/SFDropImageView.h; sourceTree = SOURCE_ROOT; };
		F1647941148EA00800C1B49A /* SFDropImageView.m */ = {isa = PBXFileReference; fileEncoding = 4; lastKnownFileType = sourcecode.c.objc; name = SFDropImageView.m; path = Source/SFDropImageView.m; sourceTree = SOURCE_ROOT; };
		F1647942148EA00800C1B49A /* UNITINU-Prefix.pch */ = {isa = PBXFileReference; fileEncoding = 4; lastKnownFileType = sourcecode.c.h; name = "UNITINU-Prefix.pch"; path = "Source/UNITINU-Prefix.pch"; sourceTree = SOURCE_ROOT; };
		F1647949148EA02A00C1B49A /* en */ = {isa = PBXFileReference; lastKnownFileType = text.plist.strings; name = en; path = en.lproj/InfoPlist.strings; sourceTree = "<group>"; };
		F164794B148EA02A00C1B49A /* en */ = {isa = PBXFileReference; lastKnownFileType = text.plist.strings; name = en; path = en.lproj/Localizable.strings; sourceTree = "<group>"; };
		F164794D148EA02A00C1B49A /* en */ = {isa = PBXFileReference; lastKnownFileType = file.xib; name = en; path = en.lproj/MainMenu.xib; sourceTree = "<group>"; };
		F164794E148EA02A00C1B49A /* UNITINU-Info.plist */ = {isa = PBXFileReference; fileEncoding = 4; lastKnownFileType = text.plist.xml; path = "UNITINU-Info.plist"; sourceTree = "<group>"; };
		F1D22922148EBC83000F20E9 /* UNITINU.icns */ = {isa = PBXFileReference; lastKnownFileType = image.icns; name = UNITINU.icns; path = ../UNITINU.icns; sourceTree = "<group>"; };
/* End PBXFileReference section */

/* Begin PBXFrameworksBuildPhase section */
		F1647914148E9FE600C1B49A /* Frameworks */ = {
			isa = PBXFrameworksBuildPhase;
			buildActionMask = 2147483647;
			files = (
				F164791C148E9FE600C1B49A /* Cocoa.framework in Frameworks */,
			);
			runOnlyForDeploymentPostprocessing = 0;
		};
/* End PBXFrameworksBuildPhase section */

/* Begin PBXGroup section */
		F164790C148E9FE600C1B49A = {
			isa = PBXGroup;
			children = (
				F1647921148E9FE600C1B49A /* Classes */,
				F1647946148EA01500C1B49A /* Other Source */,
				F1647947148EA02A00C1B49A /* Resources */,
				F164791A148E9FE600C1B49A /* Frameworks */,
				F1647918148E9FE600C1B49A /* Products */,
			);
			sourceTree = "<group>";
		};
		F1647918148E9FE600C1B49A /* Products */ = {
			isa = PBXGroup;
			children = (
				F1647917148E9FE600C1B49A /* UNITINU.app */,
			);
			name = Products;
			sourceTree = "<group>";
		};
		F164791A148E9FE600C1B49A /* Frameworks */ = {
			isa = PBXGroup;
			children = (
				F164791B148E9FE600C1B49A /* Cocoa.framework */,
			);
			name = Frameworks;
			sourceTree = "<group>";
		};
		F1647921148E9FE600C1B49A /* Classes */ = {
			isa = PBXGroup;
			children = (
				F164793E148EA00800C1B49A /* SFAppDelegate.h */,
				F164793F148EA00800C1B49A /* SFAppDelegate.m */,
				F1647940148EA00800C1B49A /* SFDropImageView.h */,
				F1647941148EA00800C1B49A /* SFDropImageView.m */,
			);
			name = Classes;
			path = UNITINU;
			sourceTree = "<group>";
		};
		F1647946148EA01500C1B49A /* Other Source */ = {
			isa = PBXGroup;
			children = (
				F164793D148EA00800C1B49A /* main.m */,
				F1647942148EA00800C1B49A /* UNITINU-Prefix.pch */,
			);
			name = "Other Source";
			path = UNITINU;
			sourceTree = "<group>";
		};
		F1647947148EA02A00C1B49A /* Resources */ = {
			isa = PBXGroup;
			children = (
				F1647948148EA02A00C1B49A /* InfoPlist.strings */,
				F164794A148EA02A00C1B49A /* Localizable.strings */,
				F164794C148EA02A00C1B49A /* MainMenu.xib */,
				F1D22922148EBC83000F20E9 /* UNITINU.icns */,
				F164794E148EA02A00C1B49A /* UNITINU-Info.plist */,
			);
			path = Resources;
			sourceTree = "<group>";
		};
/* End PBXGroup section */

/* Begin PBXNativeTarget section */
		F1647916148E9FE600C1B49A /* UNITINU */ = {
			isa = PBXNativeTarget;
			buildConfigurationList = F1647935148E9FE600C1B49A /* Build configuration list for PBXNativeTarget "UNITINU" */;
			buildPhases = (
				F1647913148E9FE600C1B49A /* Sources */,
				F1647914148E9FE600C1B49A /* Frameworks */,
				F1647915148E9FE600C1B49A /* Resources */,
			);
			buildRules = (
			);
			dependencies = (
			);
			name = UNITINU;
			productName = UNITINU;
			productReference = F1647917148E9FE600C1B49A /* UNITINU.app */;
			productType = "com.apple.product-type.application";
		};
/* End PBXNativeTarget section */

/* Begin PBXProject section */
		F164790E148E9FE600C1B49A /* Project object */ = {
			isa = PBXProject;
			attributes = {
				LastUpgradeCheck = 0430;
				ORGANIZATIONNAME = Panic;
			};
			buildConfigurationList = F1647911148E9FE600C1B49A /* Build configuration list for PBXProject "UNITINU" */;
			compatibilityVersion = "Xcode 3.2";
			developmentRegion = English;
			hasScannedForEncodings = 0;
			knownRegions = (
				en,
			);
			mainGroup = F164790C148E9FE600C1B49A;
			productRefGroup = F1647918148E9FE600C1B49A /* Products */;
			projectDirPath = "";
			projectRoot = "";
			targets = (
				F1647916148E9FE600C1B49A /* UNITINU */,
			);
		};
/* End PBXProject section */

/* Begin PBXResourcesBuildPhase section */
		F1647915148E9FE600C1B49A /* Resources */ = {
			isa = PBXResourcesBuildPhase;
			buildActionMask = 2147483647;
			files = (
				F164794F148EA02A00C1B49A /* InfoPlist.strings in Resources */,
				F1647950148EA02A00C1B49A /* Localizable.strings in Resources */,
				F1647951148EA02A00C1B49A /* MainMenu.xib in Resources */,
				F1D22923148EBC83000F20E9 /* UNITINU.icns in Resources */,
			);
			runOnlyForDeploymentPostprocessing = 0;
		};
/* End PBXResourcesBuildPhase section */

/* Begin PBXSourcesBuildPhase section */
		F1647913148E9FE600C1B49A /* Sources */ = {
			isa = PBXSourcesBuildPhase;
			buildActionMask = 2147483647;
			files = (
				F1647943148EA00800C1B49A /* main.m in Sources */,
				F1647944148EA00800C1B49A /* SFAppDelegate.m in Sources */,
				F1647945148EA00800C1B49A /* SFDropImageView.m in Sources */,
			);
			runOnlyForDeploymentPostprocessing = 0;
		};
/* End PBXSourcesBuildPhase section */

/* Begin PBXVariantGroup section */
		F1647948148EA02A00C1B49A /* InfoPlist.strings */ = {
			isa = PBXVariantGroup;
			children = (
				F1647949148EA02A00C1B49A /* en */,
			);
			name = InfoPlist.strings;
			sourceTree = "<group>";
		};
		F164794A148EA02A00C1B49A /* Localizable.strings */ = {
			isa = PBXVariantGroup;
			children = (
				F164794B148EA02A00C1B49A /* en */,
			);
			name = Localizable.strings;
			sourceTree = "<group>";
		};
		F164794C148EA02A00C1B49A /* MainMenu.xib */ = {
			isa = PBXVariantGroup;
			children = (
				F164794D148EA02A00C1B49A /* en */,
			);
			name = MainMenu.xib;
			sourceTree = "<group>";
		};
/* End PBXVariantGroup section */

/* Begin XCBuildConfiguration section */
		F1647933148E9FE600C1B49A /* Debug */ = {
			isa = XCBuildConfiguration;
			buildSettings = {
				ALWAYS_SEARCH_USER_PATHS = NO;
				ARCHS = "$(NATIVE_ARCH_ACTUAL)";
				COPY_PHASE_STRIP = NO;
				GCC_C_LANGUAGE_STANDARD = gnu99;
				GCC_DYNAMIC_NO_PIC = NO;
				GCC_ENABLE_OBJC_EXCEPTIONS = YES;
				GCC_OPTIMIZATION_LEVEL = 0;
				GCC_PREPROCESSOR_DEFINITIONS = (
					"DEBUG=1",
					"$(inherited)",
				);
				GCC_SYMBOLS_PRIVATE_EXTERN = NO;
				GCC_VERSION = com.apple.compilers.llvm.clang.1_0;
				GCC_WARN_64_TO_32_BIT_CONVERSION = YES;
				GCC_WARN_ABOUT_MISSING_PROTOTYPES = YES;
				GCC_WARN_ABOUT_RETURN_TYPE = YES;
				GCC_WARN_UNUSED_VARIABLE = YES;
				MACOSX_DEPLOYMENT_TARGET = 10.6;
				ONLY_ACTIVE_ARCH = YES;
				SDKROOT = macosx;
			};
			name = Debug;
		};
		F1647934148E9FE600C1B49A /* Release */ = {
			isa = XCBuildConfiguration;
			buildSettings = {
				ALWAYS_SEARCH_USER_PATHS = NO;
				ARCHS = "$(ARCHS_STANDARD_32_64_BIT)";
				COPY_PHASE_STRIP = YES;
				DEBUG_INFORMATION_FORMAT = "dwarf-with-dsym";
				GCC_C_LANGUAGE_STANDARD = gnu99;
				GCC_ENABLE_OBJC_EXCEPTIONS = YES;
				GCC_VERSION = com.apple.compilers.llvm.clang.1_0;
				GCC_WARN_64_TO_32_BIT_CONVERSION = YES;
				GCC_WARN_ABOUT_MISSING_PROTOTYPES = YES;
				GCC_WARN_ABOUT_RETURN_TYPE = YES;
				GCC_WARN_UNUSED_VARIABLE = YES;
				MACOSX_DEPLOYMENT_TARGET = 10.6;
				SDKROOT = macosx;
			};
			name = Release;
		};
		F1647936148E9FE600C1B49A /* Debug */ = {
			isa = XCBuildConfiguration;
			buildSettings = {
				CODE_SIGN_ENTITLEMENTS = "";
				CODE_SIGN_IDENTITY = "";
				GCC_PRECOMPILE_PREFIX_HEADER = YES;
				GCC_PREFIX_HEADER = "Source/UNITINU-Prefix.pch";
				INFOPLIST_FILE = "Resources/UNITINU-Info.plist";
				PRODUCT_NAME = "$(TARGET_NAME)";
				WRAPPER_EXTENSION = app;
			};
			name = Debug;
		};
		F1647937148E9FE600C1B49A /* Release */ = {
			isa = XCBuildConfiguration;
			buildSettings = {
				CODE_SIGN_ENTITLEMENTS = "";
				CODE_SIGN_IDENTITY = "";
				GCC_PRECOMPILE_PREFIX_HEADER = YES;
				GCC_PREFIX_HEADER = "Source/UNITINU-Prefix.pch";
				INFOPLIST_FILE = "Resources/UNITINU-Info.plist";
				PRODUCT_NAME = "$(TARGET_NAME)";
				PROVISIONING_PROFILE = "";
				WRAPPER_EXTENSION = app;
			};
			name = Release;
		};
/* End XCBuildConfiguration section */

/* Begin XCConfigurationList section */
		F1647911148E9FE600C1B49A /* Build configuration list for PBXProject "UNITINU" */ = {
			isa = XCConfigurationList;
			buildConfigurations = (
				F1647933148E9FE600C1B49A /* Debug */,
				F1647934148E9FE600C1B49A /* Release */,
			);
			defaultConfigurationIsVisible = 0;
			defaultConfigurationName = Release;
		};
		F1647935148E9FE600C1B49A /* Build configuration list for PBXNativeTarget "UNITINU" */ = {
			isa = XCConfigurationList;
			buildConfigurations = (
				F1647936148E9FE600C1B49A /* Debug */,
				F1647937148E9FE600C1B49A /* Release */,
			);
			defaultConfigurationIsVisible = 0;
			defaultConfigurationName = Release;
		};
/* End XCConfigurationList section */
	};
	rootObject = F164790E148E9FE600C1B49A /* Project object */;
}
